# This file is automatically @generated by Cargo.
# It is not intended for manual editing.
version = 3

[[package]]
name = "airline"
version = "0.1.0"
source = "git+ssh://git@github.com/jacksonzamorano/airline.git#1c3d3050d0418a12ce1b8444e67fc1d504350a97"

[[package]]
name = "airline-demo"
version = "0.1.0"
dependencies = [
 "airline",
]
